
Microsoft Visual Studio Solution File, Format Version 12.00
# Visual Studio Version 16
VisualStudioVersion = 16.0.30611.23
MinimumVisualStudioVersion = 10.0.40219.1
Project("{FAE04EC0-301F-11D3-BF4B-00C04F79EFBC}") = "Calculator", "Calculator\Calculator.csproj", "{7AF52DA1-B480-467D-AF4B-05DCA618ED82}"
EndProject
Global
	GlobalSection(SolutionConfigurationPlatforms) = preSolution
		Debug|Any CPU = Debug|Any CPU
		Release|Any CPU = Release|Any CPU
	EndGlobalSection
	GlobalSection(ProjectConfigurationPlatforms) = postSolution
		{7AF52DA1-B480-467D-AF4B-05DCA618ED82}.Debug|Any CPU.ActiveCfg = Debug|Any CPU
		{7AF52DA1-B480-467D-AF4B-05DCA618ED82}.Debug|Any CPU.Build.0 = Debug|Any CPU
		{7AF52DA1-B480-467D-AF4B-05DCA618ED82}.Release|Any CPU.ActiveCfg = Release|Any CPU
		{7AF52DA1-B480-467D-AF4B-05DCA618ED82}.Release|Any CPU.Build.0 = Release|Any CPU
	EndGlobalSection
	GlobalSection(SolutionProperties) = preSolution
		HideSolutionNode = FALSE
	EndGlobalSection
	GlobalSection(ExtensibilityGlobals) = postSolution
		SolutionGuid = {C3287AC7-61B2-4E0C-9535-9F2D57E13A7A}
	EndGlobalSection
EndGlobal
